
Microsoft Visual Studio Solution File, Format Version 12.00
# Visual Studio Version 16
VisualStudioVersion = 16.0.31410.223
MinimumVisualStudioVersion = 10.0.40219.1
Project("{9A19103F-16F7-4668-BE54-9A1E7A4F7556}") = "PrestoClient", "PrestoClient\PrestoClient.csproj", "{12F32B2B-FB6D-4FA9-983F-55FB7551964A}"
EndProject
Project("{2150E333-8FDC-42A3-9474-1A3956D46DE8}") = "Solution Items", "Solution Items", "{908B7EAB-6D98-41B8-A11B-8C7513A60C7A}"
	ProjectSection(SolutionItems) = preProject
		ApacheAcknowledgement.txt = ApacheAcknowledgement.txt
		LICENSE = LICENSE
		README.md = README.md
	EndProjectSection
EndProject
Project("{9A19103F-16F7-4668-BE54-9A1E7A4F7556}") = "PrestoClient.Tests", "PrestoClientTests\PrestoClient.Tests.csproj", "{133789AA-ADB6-4C81-B5F9-FD18F42CB9AF}"
EndProject
Global
	GlobalSection(SolutionConfigurationPlatforms) = preSolution
		Debug|Any CPU = Debug|Any CPU
		Release|Any CPU = Release|Any CPU
	EndGlobalSection
	GlobalSection(ProjectConfigurationPlatforms) = postSolution
		{12F32B2B-FB6D-4FA9-983F-55FB7551964A}.Debug|Any CPU.ActiveCfg = Debug|Any CPU
		{12F32B2B-FB6D-4FA9-983F-55FB7551964A}.Debug|Any CPU.Build.0 = Debug|Any CPU
		{12F32B2B-FB6D-4FA9-983F-55FB7551964A}.Release|Any CPU.ActiveCfg = Release|Any CPU
		{12F32B2B-FB6D-4FA9-983F-55FB7551964A}.Release|Any CPU.Build.0 = Release|Any CPU
		{133789AA-ADB6-4C81-B5F9-FD18F42CB9AF}.Debug|Any CPU.ActiveCfg = Debug|Any CPU
		{133789AA-ADB6-4C81-B5F9-FD18F42CB9AF}.Debug|Any CPU.Build.0 = Debug|Any CPU
		{133789AA-ADB6-4C81-B5F9-FD18F42CB9AF}.Release|Any CPU.ActiveCfg = Release|Any CPU
		{133789AA-ADB6-4C81-B5F9-FD18F42CB9AF}.Release|Any CPU.Build.0 = Release|Any CPU
	EndGlobalSection
	GlobalSection(SolutionProperties) = preSolution
		HideSolutionNode = FALSE
	EndGlobalSection
	GlobalSection(ExtensibilityGlobals) = postSolution
		SolutionGuid = {FA83C0F3-6624-4BBD-A5FD-5C2DF99BF466}
	EndGlobalSection
EndGlobal
